
Microsoft Visual Studio Solution File, Format Version 12.00
# Visual Studio Version 16
VisualStudioVersion = 16.0.29609.76
MinimumVisualStudioVersion = 10.0.40219.1
Project("{FAE04EC0-301F-11D3-BF4B-00C04F79EFBC}") = "OutlookSearcher", "OutlookSearcher\OutlookSearcher.csproj", "{2F3D348C-F91D-4A09-A48F-FC7281B1A765}"
EndProject
Global
	GlobalSection(SolutionConfigurationPlatforms) = preSolution
		Debug|Any CPU = Debug|Any CPU
		Release|Any CPU = Release|Any CPU
	EndGlobalSection
	GlobalSection(ProjectConfigurationPlatforms) = postSolution
		{2F3D348C-F91D-4A09-A48F-FC7281B1A765}.Debug|Any CPU.ActiveCfg = Debug|Any CPU
		{2F3D348C-F91D-4A09-A48F-FC7281B1A765}.Debug|Any CPU.Build.0 = Debug|Any CPU
		{2F3D348C-F91D-4A09-A48F-FC7281B1A765}.Release|Any CPU.ActiveCfg = Release|Any CPU
		{2F3D348C-F91D-4A09-A48F-FC7281B1A765}.Release|Any CPU.Build.0 = Release|Any CPU
	EndGlobalSection
	GlobalSection(SolutionProperties) = preSolution
		HideSolutionNode = FALSE
	EndGlobalSection
	GlobalSection(ExtensibilityGlobals) = postSolution
		SolutionGuid = {460F6452-6B29-4AB3-9141-8710D7C4D1B7}
	EndGlobalSection
EndGlobal
